<?xml version="1.0" encoding="utf-8"?>
<Project ToolsVersion="4.0" xmlns="http://schemas.microsoft.com/developer/msbuild/2003">
  <ItemGroup>
    <Filter Include="Source Files">
      <UniqueIdentifier>{4FC737F1-C7A5-4376-A066-2A32D752A2FF}</UniqueIdentifier>
      <Extensions>cpp;c;cc;cxx;c++;cppm;ixx;def;odl;idl;hpj;bat;asm;asmx</Extensions>
    </Filter>
    <Filter Include="Header Files">
      <UniqueIdentifier>{93995380-89BD-4b04-88EB-625FBE52EBFB}</UniqueIdentifier>
      <Extensions>
      </Extensions>
    </Filter>
    <Filter Include="Forms">
      <UniqueIdentifier>{e4f45b6c-b047-4efe-b33f-b5b039333565}</UniqueIdentifier>
      <Extensions>
      </Extensions>
    </Filter>
    <Filter Include="Resource Files">
      <UniqueIdentifier>{67DA6AB6-F800-4c08-8B7A-83BB121AAD01}</UniqueIdentifier>
      <Extensions>rc;ico;cur;bmp;dlg;rc2;rct;bin;rgs;gif;jpg;jpeg;jpe;resx;tiff;tif;png;wav;mfcribbon-ms</Extensions>
    </Filter>
  </ItemGroup>
  <ItemGroup>
    <ResourceCompile Include="app.rc">
      <Filter>Resource Files</Filter>
    </ResourceCompile>
  </ItemGroup>
  <ItemGroup>
    <ClInclude Include="Resource.h">
      <Filter>Header Files</Filter>
    </ClInclude>
    <ClInclude Include="pch.h">
      <Filter>Header Files</Filter>
    </ClInclude>
    <ClInclude Include="CercadoraCentre.h">
      <Filter>Header Files</Filter>
    </ClInclude>
    <ClInclude Include="CercadoraMascota.h">
      <Filter>Header Files</Filter>
    </ClInclude>
    <ClInclude Include="CercadoraClinica.h">
      <Filter>Header Files</Filter>
    </ClInclude>
    <ClInclude Include="CercadoraPropietari.h">
      <Filter>Header Files</Filter>
    </ClInclude>
    <ClInclude Include="CercadoraUsuari.h">
      <Filter>Header Files</Filter>
    </ClInclude>
    <ClInclude Include="DBConnection.h">
      <Filter>Header Files</Filter>
    </ClInclude>
    <ClInclude Include="PassarellaCentre.h">
      <Filter>Header Files</Filter>
    </ClInclude>
    <ClInclude Include="PassarellaMascota.h">
      <Filter>Header Files</Filter>
    </ClInclude>
    <ClInclude Include="PassarellaUsuari.h">
      <Filter>Header Files</Filter>
    </ClInclude>
    <ClInclude Include="PassarellaClinica.h">
      <Filter>Header Files</Filter>
    </ClInclude>
    <ClInclude Include="Ordinador.h">
      <Filter>Header Files</Filter>
    </ClInclude>
    <ClInclude Include="PassarellaPropietari.h">
      <Filter>Header Files</Filter>
    </ClInclude>
    <ClInclude Include="TxConsultarCentres.h">
      <Filter>Header Files</Filter>
    </ClInclude>
    <ClInclude Include="TxConsultarMascotes.h">
      <Filter>Header Files</Filter>
    </ClInclude>
    <ClInclude Include="TxConsultaUsu.h">
      <Filter>Header Files</Filter>
    </ClInclude>
    <ClInclude Include="TxCrearCentre.h">
      <Filter>Header Files</Filter>
    </ClInclude>
    <ClInclude Include="TxCrearMascota.h">
      <Filter>Header Files</Filter>
    </ClInclude>
    <ClInclude Include="TxEliminaCentre.h">
      <Filter>Header Files</Filter>
    </ClInclude>
    <ClInclude Include="TxEliminaMascota.h">
      <Filter>Header Files</Filter>
    </ClInclude>
    <ClInclude Include="TxEsborraUsu.h">
      <Filter>Header Files</Filter>
    </ClInclude>
    <ClInclude Include="TxIniciSessio.h">
      <Filter>Header Files</Filter>
    </ClInclude>
    <ClInclude Include="TxModificaCentre.h">
      <Filter>Header Files</Filter>
    </ClInclude>
    <ClInclude Include="TxModUsu.h">
      <Filter>Header Files</Filter>
    </ClInclude>
    <ClInclude Include="TxRegistraUsu.h">
      <Filter>Header Files</Filter>
    </ClInclude>
    <ClInclude Include="TxTancaSessio.h">
      <Filter>Header Files</Filter>
    </ClInclude>
    <ClInclude Include="ConsultaVistes_forms.h">
      <Filter>Forms</Filter>
    </ClInclude>
    <ClInclude Include="CreaVisites_forms.h">
      <Filter>Forms</Filter>
    </ClInclude>
    <ClInclude Include="PassarellaEsdeveniments.h">
      <Filter>Header Files</Filter>
    </ClInclude>
    <ClInclude Include="CercadoraEsdeveniments.h">
      <Filter>Header Files</Filter>
    </ClInclude>
    <ClInclude Include="PassarellaVisites.h">
      <Filter>Header Files</Filter>
    </ClInclude>
    <ClInclude Include="CercadoraVisita.h">
      <Filter>Header Files</Filter>
    </ClInclude>
    <ClInclude Include="EliminaVisita_forms.h">
      <Filter>Forms</Filter>
    </ClInclude>
    <ClInclude Include="TxConsultarVisites.h">
      <Filter>Header Files</Filter>
    </ClInclude>
    <ClInclude Include="TxEliminaVisita.h">
      <Filter>Header Files</Filter>
    </ClInclude>
    <ClInclude Include="PassarellaUsuari.h" />
    <ClInclude Include="PassarellaVisites.h" />
    <ClInclude Include="RegUsu.h" />
    <ClInclude Include="PassarellaClinica.h" />
    <ClInclude Include="Ordinador.h" />
    <ClInclude Include="PassarellaPropietari.h" />
    <ClInclude Include="pch.h" />
    <ClInclude Include="Resource.h" />
    <ClInclude Include="TxConsultarCentres.h" />
    <ClInclude Include="TxConsultarMascotes.h" />
    <ClInclude Include="TxConsultarVisites.h" />
    <ClInclude Include="TxConsultaUsu.h" />
    <ClInclude Include="TxCrearCentre.h" />
    <ClInclude Include="TxCrearMascota.h" />
    <ClInclude Include="CrearPublic.h">
      <Filter>Forms</Filter>
    </ClInclude>
    <ClInclude Include="ConsultarEvents.h">
      <Filter>Forms</Filter>
    </ClInclude>
    <ClInclude Include="CreaCentreForms.h">
      <Filter>Forms</Filter>
    </ClInclude>
    <ClInclude Include="EliminaCentresForm.h">
      <Filter>Forms</Filter>
    </ClInclude>
    <ClInclude Include="Elimina_Mascota_forms.h" />
    <ClInclude Include="PassarellaAten.h">
      <Filter>Header Files</Filter>
    </ClInclude>
    <ClInclude Include="CercadoraAten.h">
      <Filter>Header Files</Filter>
    </ClInclude>
    <ClInclude Include="CercadoraParticipa.h">
      <Filter>Header Files</Filter>
    </ClInclude>
    <ClInclude Include="CercadoraPublic.h">
      <Filter>Header Files</Filter>
    </ClInclude>
    <ClInclude Include="CercadoraTipus.h">
      <Filter>Header Files</Filter>
    </ClInclude>
    <ClInclude Include="CercadoraValoracio.h">
      <Filter>Header Files</Filter>
    </ClInclude>
    <ClInclude Include="PassarellaParticipa.h">
      <Filter>Header Files</Filter>
    </ClInclude>
    <ClInclude Include="PassarellaPublic.h">
      <Filter>Header Files</Filter>
    </ClInclude>
    <ClInclude Include="TxCrearAten.h">
      <Filter>Header Files</Filter>
    </ClInclude>
    <ClInclude Include="TxCrearEsdeveniment.h">
      <Filter>Header Files</Filter>
    </ClInclude>
    <ClInclude Include="TxCrearValoracio.h">
      <Filter>Header Files</Filter>
    </ClInclude>
    <ClInclude Include="PassarellaValoracio.h">
      <Filter>Header Files</Filter>
    </ClInclude>
    <ClInclude Include="PassarellaTipus.h">
      <Filter>Header Files</Filter>
    </ClInclude>
    <ClInclude Include="TxEliminarValoracio.h">
      <Filter>Header Files</Filter>
    </ClInclude>
    <ClInclude Include="TxModificarValoracio.h">
      <Filter>Header Files</Filter>
    </ClInclude>
  </ItemGroup>
  <ItemGroup>
    <ClCompile Include="CppCLR_WinFormsProject.cpp">
      <Filter>Source Files</Filter>
    </ClCompile>
    <ClCompile Include="AssemblyInfo.cpp">
      <Filter>Source Files</Filter>
    </ClCompile>
    <ClCompile Include="pch.cpp">
      <Filter>Source Files</Filter>
    </ClCompile>
    <ClCompile Include="CercadoraCentre.cpp">
      <Filter>Source Files</Filter>
    </ClCompile>
    <ClCompile Include="CercadoraMascota.cpp">
      <Filter>Source Files</Filter>
    </ClCompile>
    <ClCompile Include="CercadoraClinica.cpp">
      <Filter>Source Files</Filter>
    </ClCompile>
    <ClCompile Include="CercadoraPropietari.cpp">
      <Filter>Source Files</Filter>
    </ClCompile>
    <ClCompile Include="CercadoraUsuari.cpp">
      <Filter>Source Files</Filter>
    </ClCompile>
    <ClCompile Include="ConsultaCentresForm.cpp">
      <Filter>Source Files</Filter>
    </ClCompile>
    <ClCompile Include="ConsultaMascota_forms.cpp">
      <Filter>Source Files</Filter>
    </ClCompile>
    <ClCompile Include="Crea_Mascota_forms.cpp">
      <Filter>Source Files</Filter>
    </ClCompile>
    <ClCompile Include="DBConnection.cpp">
      <Filter>Source Files</Filter>
    </ClCompile>
    <ClCompile Include="PantallaPrincipal.cpp">
      <Filter>Source Files</Filter>
    </ClCompile>
    <ClCompile Include="InfoCli.cpp">
      <Filter>Source Files</Filter>
    </ClCompile>
    <ClCompile Include="InfoProp.cpp">
      <Filter>Source Files</Filter>
    </ClCompile>
    <ClCompile Include="IniUsu.cpp">
      <Filter>Source Files</Filter>
    </ClCompile>
    <ClCompile Include="MenuCli.cpp">
      <Filter>Source Files</Filter>
    </ClCompile>
    <ClCompile Include="MenuProp.cpp">
      <Filter>Source Files</Filter>
    </ClCompile>
    <ClCompile Include="ModCli.cpp">
      <Filter>Source Files</Filter>
    </ClCompile>
    <ClCompile Include="ModProp.cpp">
      <Filter>Source Files</Filter>
    </ClCompile>
    <ClCompile Include="PassarellaCentre.cpp">
      <Filter>Source Files</Filter>
    </ClCompile>
    <ClCompile Include="PassarellaClinica.cpp">
      <Filter>Source Files</Filter>
    </ClCompile>
    <ClCompile Include="PassarellaMascota.cpp">
      <Filter>Source Files</Filter>
    </ClCompile>
    <ClCompile Include="PassarellaUsuari.cpp">
      <Filter>Source Files</Filter>
    </ClCompile>
    <ClCompile Include="Ordinador.cpp">
      <Filter>Source Files</Filter>
    </ClCompile>
    <ClCompile Include="PassarellaPropietari.cpp">
      <Filter>Source Files</Filter>
    </ClCompile>
    <ClCompile Include="TxConsultarCentres.cpp">
      <Filter>Source Files</Filter>
    </ClCompile>
    <ClCompile Include="TxConsultarMascotes.cpp">
      <Filter>Source Files</Filter>
    </ClCompile>
    <ClCompile Include="RegUsu.cpp">
      <Filter>Source Files</Filter>
    </ClCompile>
    <ClCompile Include="TxConsultaUsu.cpp">
      <Filter>Source Files</Filter>
    </ClCompile>
    <ClCompile Include="TxCrearCentre.cpp">
      <Filter>Source Files</Filter>
    </ClCompile>
    <ClCompile Include="TxCrearMascota.cpp">
      <Filter>Source Files</Filter>
    </ClCompile>
    <ClCompile Include="TxEliminaCentre.cpp">
      <Filter>Source Files</Filter>
    </ClCompile>
    <ClCompile Include="TxEliminaMascota.cpp">
      <Filter>Source Files</Filter>
    </ClCompile>
    <ClCompile Include="TxEsborraUsu.cpp">
      <Filter>Source Files</Filter>
    </ClCompile>
    <ClCompile Include="TxIniciSessio.cpp">
      <Filter>Source Files</Filter>
    </ClCompile>
    <ClCompile Include="TxModificaCentre.cpp">
      <Filter>Source Files</Filter>
    </ClCompile>
    <ClCompile Include="TxModUsu.cpp">
      <Filter>Source Files</Filter>
    </ClCompile>
    <ClCompile Include="TxRegistraUsu.cpp">
      <Filter>Source Files</Filter>
    </ClCompile>
    <ClCompile Include="TxTancaSessio.cpp">
      <Filter>Source Files</Filter>
    </ClCompile>
    <ClCompile Include="ConsultaVistes_forms.cpp">
      <Filter>Source Files</Filter>
    </ClCompile>
    <ClCompile Include="CreaVisites_forms.cpp">
      <Filter>Source Files</Filter>
    </ClCompile>
    <ClCompile Include="PassarellaEsdeveniments.cpp">
      <Filter>Source Files</Filter>
    </ClCompile>
    <ClCompile Include="CercadoraEsdeveniments.cpp">
      <Filter>Source Files</Filter>
    </ClCompile>
    <ClCompile Include="PassarellaVisites.cpp">
      <Filter>Source Files</Filter>
    </ClCompile>
    <ClCompile Include="CercadoraVisita.cpp">
      <Filter>Source Files</Filter>
    </ClCompile>
    <ClCompile Include="EliminaVisita_forms.cpp">
      <Filter>Source Files</Filter>
    </ClCompile>
    <ClCompile Include="TxConsultarVisites.cpp">
      <Filter>Source Files</Filter>
    </ClCompile>
    <ClCompile Include="TxEliminaVisita.cpp">
      <Filter>Source Files</Filter>
    </ClCompile>
    <ClCompile Include="CercadoraTipus.cpp">
      <Filter>Source Files</Filter>
    </ClCompile>
    <ClCompile Include="CercadoraValoracio.cpp">
      <Filter>Source Files</Filter>
    </ClCompile>
    <ClCompile Include="PassarellaTipus.cpp">
      <Filter>Source Files</Filter>
    </ClCompile>
    <ClCompile Include="PassarellaValoracio.cpp">
      <Filter>Source Files</Filter>
    </ClCompile>
    <ClCompile Include="TxCrearValoracio.cpp">
      <Filter>Source Files</Filter>
    </ClCompile>
    <ClCompile Include="TxEliminarValoracio.cpp">
      <Filter>Source Files</Filter>
    </ClCompile>
    <ClCompile Include="TxModificarValoracio.cpp">
      <Filter>Source Files</Filter>
    </ClCompile>
    <ClCompile Include="CrearPublic.cpp">
      <Filter>Source Files</Filter>
    </ClCompile>
    <ClCompile Include="ConsultarEvents.cpp">
      <Filter>Source Files</Filter>
    </ClCompile>
    <ClCompile Include="CreaCentreForms.cpp">
      <Filter>Source Files</Filter>
    </ClCompile>
    <ClCompile Include="EliminaCentresForm.cpp">
      <Filter>Source Files</Filter>
    </ClCompile>
    <ClCompile Include="PassarellaAten.cpp">
      <Filter>Source Files</Filter>
    </ClCompile>
    <ClCompile Include="TxCrearAten.cpp">
      <Filter>Source Files</Filter>
    </ClCompile>
    <ClCompile Include="CercadoraAten.cpp">
      <Filter>Source Files</Filter>
    </ClCompile>
    <ClCompile Include="CercadoraParticipa.cpp">
      <Filter>Source Files</Filter>
    </ClCompile>
    <ClCompile Include="CercadoraPublic.cpp">
      <Filter>Source Files</Filter>
    </ClCompile>
    <ClCompile Include="PassarellaParticipa.cpp">
      <Filter>Source Files</Filter>
    </ClCompile>
    <ClCompile Include="PassarellaPublic.cpp">
      <Filter>Source Files</Filter>
    </ClCompile>
    <ClCompile Include="TxCrearEsdeveniment.cpp">
      <Filter>Source Files</Filter>
    </ClCompile>
    <ClCompile Include="CercadoraParticipa.cpp">
      <Filter>Source Files</Filter>
    </ClCompile>
    <ClCompile Include="CercadoraPublic.cpp">
      <Filter>Source Files</Filter>
    </ClCompile>
    <ClCompile Include="PassarellaParticipa.cpp">
      <Filter>Source Files</Filter>
    </ClCompile>
    <ClCompile Include="PassarellaPublic.cpp">
      <Filter>Source Files</Filter>
    </ClCompile>
    <ClCompile Include="TxCrearEsdeveniment.cpp">
      <Filter>Source Files</Filter>
    </ClCompile>
  </ItemGroup>
  <ItemGroup>
    <Image Include="app.ico">
      <Filter>Resource Files</Filter>
    </Image>
  </ItemGroup>
  <ItemGroup>
    <Xml Include="x64\Release\MySql.Data.xml" />
  </ItemGroup>
  <ItemGroup>
    <EmbeddedResource Include="IniUsu.resx">
      <Filter>Resource Files</Filter>
    </EmbeddedResource>
    <EmbeddedResource Include="MenuCli.resx">
      <Filter>Resource Files</Filter>
    </EmbeddedResource>
  </ItemGroup>
  <ItemGroup>
    <ClInclude Include="PantallaPrincipal.h">
      <Filter>Forms</Filter>
    </ClInclude>
    <ClInclude Include="IniUsu.h">
      <Filter>Forms</Filter>
    </ClInclude>
    <ClInclude Include="RegUsu.h">
      <Filter>Forms</Filter>
    </ClInclude>
    <ClInclude Include="MenuProp.h">
      <Filter>Forms</Filter>
    </ClInclude>
    <ClInclude Include="InfoProp.h">
      <Filter>Forms</Filter>
    </ClInclude>
    <ClInclude Include="ModProp.h">
      <Filter>Forms</Filter>
    </ClInclude>
    <ClInclude Include="InfoCli.h">
      <Filter>Forms</Filter>
    </ClInclude>
    <ClInclude Include="MenuCli.h">
      <Filter>Forms</Filter>
    </ClInclude>
    <ClInclude Include="ModCli.h">
      <Filter>Forms</Filter>
    </ClInclude>
    <ClInclude Include="ConsultaCentresForm.h">
      <Filter>Forms</Filter>
    </ClInclude>
    <ClInclude Include="Crea_Mascota_forms.h">
      <Filter>Forms</Filter>
    </ClInclude>
    <ClInclude Include="ConsultaMascota_forms.h">
      <Filter>Forms</Filter>
    </ClInclude>
  </ItemGroup>
  <ItemGroup>
    <None Include="x64\Release\MySql.Data.dll" />
  </ItemGroup>
</Project>